// !$*UTF8*$!
{
	archiveVersion = 1;
	classes = {
	};
	objectVersion = 48;
	objects = {

/* Begin PBXBuildFile section */
		D04CCAD520349B9E0031FFB1 /* html in Resources */ = {isa = PBXBuildFile; fileRef = D04CCAD420349B9E0031FFB1 /* html */; };
		D04CCAD720349C8D0031FFB1 /* WebController.swift in Sources */ = {isa = PBXBuildFile; fileRef = D04CCAD620349C8D0031FFB1 /* WebController.swift */; };
		D04CCADA20349D8F0031FFB1 /* ActionClosurable.swift in Sources */ = {isa = PBXBuildFile; fileRef = D04CCAD920349D8F0031FFB1 /* ActionClosurable.swift */; };
		D04CCAE42034A7940031FFB1 /* Log.swift in Sources */ = {isa = PBXBuildFile; fileRef = D04CCADE2034A7940031FFB1 /* Log.swift */; };
		D04CCAE52034A7940031FFB1 /* SwiftyTimer.swift in Sources */ = {isa = PBXBuildFile; fileRef = D04CCADF2034A7940031FFB1 /* SwiftyTimer.swift */; };
		D04CCAE62034A7940031FFB1 /* HTMLPDFRenderer.swift in Sources */ = {isa = PBXBuildFile; fileRef = D04CCAE02034A7940031FFB1 /* HTMLPDFRenderer.swift */; };
		D04CCAE72034A7940031FFB1 /* FileManager-Extensions.swift in Sources */ = {isa = PBXBuildFile; fileRef = D04CCAE12034A7940031FFB1 /* FileManager-Extensions.swift */; };
		D04CCAE82034A7940031FFB1 /* UIPrintPageRenderer-Extensions.swift in Sources */ = {isa = PBXBuildFile; fileRef = D04CCAE22034A7940031FFB1 /* UIPrintPageRenderer-Extensions.swift */; };
		D04CCAE92034A7940031FFB1 /* PDFPaperSize.swift in Sources */ = {isa = PBXBuildFile; fileRef = D04CCAE32034A7940031FFB1 /* PDFPaperSize.swift */; };
		D0CCB5DD20221FE000F98146 /* AppDelegate.swift in Sources */ = {isa = PBXBuildFile; fileRef = D0CCB5DC20221FE000F98146 /* AppDelegate.swift */; };
		D0CCB5E420221FE000F98146 /* Main.storyboard in Resources */ = {isa = PBXBuildFile; fileRef = D0CCB5E220221FE000F98146 /* Main.storyboard */; };
		D0CCB5E620221FE000F98146 /* Assets.xcassets in Resources */ = {isa = PBXBuildFile; fileRef = D0CCB5E520221FE000F98146 /* Assets.xcassets */; };
		D0CCB5E920221FE000F98146 /* LaunchScreen.storyboard in Resources */ = {isa = PBXBuildFile; fileRef = D0CCB5E720221FE000F98146 /* LaunchScreen.storyboard */; };
/* End PBXBuildFile section */

/* Begin PBXFileReference section */
		D04CCAD420349B9E0031FFB1 /* html */ = {isa = PBXFileReference; lastKnownFileType = folder; path = html; sourceTree = "<group>"; };
		D04CCAD620349C8D0031FFB1 /* WebController.swift */ = {isa = PBXFileReference; lastKnownFileType = sourcecode.swift; path = WebController.swift; sourceTree = "<group>"; };
		D04CCAD920349D8F0031FFB1 /* ActionClosurable.swift */ = {isa = PBXFileReference; fileEncoding = 4; lastKnownFileType = sourcecode.swift; path = ActionClosurable.swift; sourceTree = "<group>"; };
		D04CCADE2034A7940031FFB1 /* Log.swift */ = {isa = PBXFileReference; fileEncoding = 4; lastKnownFileType = sourcecode.swift; name = Log.swift; path = ../Log.swift; sourceTree = "<group>"; };
		D04CCADF2034A7940031FFB1 /* SwiftyTimer.swift */ = {isa = PBXFileReference; fileEncoding = 4; lastKnownFileType = sourcecode.swift; name = SwiftyTimer.swift; path = ../SwiftyTimer.swift; sourceTree = "<group>"; };
		D04CCAE02034A7940031FFB1 /* HTMLPDFRenderer.swift */ = {isa = PBXFileReference; fileEncoding = 4; lastKnownFileType = sourcecode.swift; name = HTMLPDFRenderer.swift; path = ../HTMLPDFRenderer.swift; sourceTree = "<group>"; };
		D04CCAE12034A7940031FFB1 /* FileManager-Extensions.swift */ = {isa = PBXFileReference; fileEncoding = 4; lastKnownFileType = sourcecode.swift; name = "FileManager-Extensions.swift"; path = "../FileManager-Extensions.swift"; sourceTree = "<group>"; };
		D04CCAE22034A7940031FFB1 /* UIPrintPageRenderer-Extensions.swift */ = {isa = PBXFileReference; fileEncoding = 4; lastKnownFileType = sourcecode.swift; name = "UIPrintPageRenderer-Extensions.swift"; path = "../UIPrintPageRenderer-Extensions.swift"; sourceTree = "<group>"; };
		D04CCAE32034A7940031FFB1 /* PDFPaperSize.swift */ = {isa = PBXFileReference; fileEncoding = 4; lastKnownFileType = sourcecode.swift; name = PDFPaperSize.swift; path = ../PDFPaperSize.swift; sourceTree = "<group>"; };
		D0CCB5D920221FE000F98146 /* HTMLPDFExample.app */ = {isa = PBXFileReference; explicitFileType = wrapper.application; includeInIndex = 0; path = HTMLPDFExample.app; sourceTree = BUILT_PRODUCTS_DIR; };
		D0CCB5DC20221FE000F98146 /* AppDelegate.swift */ = {isa = PBXFileReference; lastKnownFileType = sourcecode.swift; path = AppDelegate.swift; sourceTree = "<group>"; };
		D0CCB5E320221FE000F98146 /* Base */ = {isa = PBXFileReference; lastKnownFileType = file.storyboard; name = Base; path = Base.lproj/Main.storyboard; sourceTree = "<group>"; };
		D0CCB5E520221FE000F98146 /* Assets.xcassets */ = {isa = PBXFileReference; lastKnownFileType = folder.assetcatalog; path = Assets.xcassets; sourceTree = "<group>"; };
		D0CCB5E820221FE000F98146 /* Base */ = {isa = PBXFileReference; lastKnownFileType = file.storyboard; name = Base; path = Base.lproj/LaunchScreen.storyboard; sourceTree = "<group>"; };
		D0CCB5EA20221FE000F98146 /* Info.plist */ = {isa = PBXFileReference; lastKnownFileType = text.plist.xml; path = Info.plist; sourceTree = "<group>"; };
/* End PBXFileReference section */

/* Begin PBXFrameworksBuildPhase section */
		D0CCB5D620221FE000F98146 /* Frameworks */ = {
			isa = PBXFrameworksBuildPhase;
			buildActionMask = 2147483647;
			files = (
			);
			runOnlyForDeploymentPostprocessing = 0;
		};
/* End PBXFrameworksBuildPhase section */

/* Begin PBXGroup section */
		D04CCAD820349D8F0031FFB1 /* Vendor */ = {
			isa = PBXGroup;
			children = (
				D04CCAD920349D8F0031FFB1 /* ActionClosurable.swift */,
			);
			name = Vendor;
			path = Example/Vendor;
			sourceTree = "<group>";
		};
		D04CCADD2034A76F0031FFB1 /* HTML2PDFRenderer */ = {
			isa = PBXGroup;
			children = (
				D04CCAE02034A7940031FFB1 /* HTMLPDFRenderer.swift */,
				D04CCAE32034A7940031FFB1 /* PDFPaperSize.swift */,
				D04CCAE22034A7940031FFB1 /* UIPrintPageRenderer-Extensions.swift */,
				D04CCAEA2034AB940031FFB1 /* Helpers */,
			);
			name = HTML2PDFRenderer;
			sourceTree = "<group>";
		};
		D04CCAEA2034AB940031FFB1 /* Helpers */ = {
			isa = PBXGroup;
			children = (
				D04CCAE12034A7940031FFB1 /* FileManager-Extensions.swift */,
				D04CCADE2034A7940031FFB1 /* Log.swift */,
				D04CCADF2034A7940031FFB1 /* SwiftyTimer.swift */,
			);
			name = Helpers;
			sourceTree = "<group>";
		};
		D0CCB5D020221FE000F98146 = {
			isa = PBXGroup;
			children = (
				D04CCADD2034A76F0031FFB1 /* HTML2PDFRenderer */,
				D0CCB5DB20221FE000F98146 /* Example */,
				D04CCAD820349D8F0031FFB1 /* Vendor */,
				D0CCB5DA20221FE000F98146 /* Products */,
			);
			sourceTree = "<group>";
		};
		D0CCB5DA20221FE000F98146 /* Products */ = {
			isa = PBXGroup;
			children = (
				D0CCB5D920221FE000F98146 /* HTMLPDFExample.app */,
			);
			name = Products;
			sourceTree = "<group>";
		};
		D0CCB5DB20221FE000F98146 /* Example */ = {
			isa = PBXGroup;
			children = (
				D04CCAD420349B9E0031FFB1 /* html */,
				D0CCB5DC20221FE000F98146 /* AppDelegate.swift */,
				D0CCB5E220221FE000F98146 /* Main.storyboard */,
				D0CCB5E520221FE000F98146 /* Assets.xcassets */,
				D0CCB5E720221FE000F98146 /* LaunchScreen.storyboard */,
				D0CCB5EA20221FE000F98146 /* Info.plist */,
				D04CCAD620349C8D0031FFB1 /* WebController.swift */,
			);
			path = Example;
			sourceTree = "<group>";
		};
/* End PBXGroup section */

/* Begin PBXNativeTarget section */
		D0CCB5D820221FE000F98146 /* HTMLPDFExample */ = {
			isa = PBXNativeTarget;
			buildConfigurationList = D0CCB5ED20221FE000F98146 /* Build configuration list for PBXNativeTarget "HTMLPDFExample" */;
			buildPhases = (
				D0CCB5D520221FE000F98146 /* Sources */,
				D0CCB5D620221FE000F98146 /* Frameworks */,
				D0CCB5D720221FE000F98146 /* Resources */,
			);
			buildRules = (
			);
			dependencies = (
			);
			name = HTMLPDFExample;
			productName = HTMLPDFExample;
			productReference = D0CCB5D920221FE000F98146 /* HTMLPDFExample.app */;
			productType = "com.apple.product-type.application";
		};
/* End PBXNativeTarget section */

/* Begin PBXProject section */
		D0CCB5D120221FE000F98146 /* Project object */ = {
			isa = PBXProject;
			attributes = {
				LastSwiftUpdateCheck = 0920;
				LastUpgradeCheck = 1000;
				ORGANIZATIONNAME = "Radiant Tap";
				TargetAttributes = {
					D0CCB5D820221FE000F98146 = {
						CreatedOnToolsVersion = 9.2;
						LastSwiftMigration = 1000;
						ProvisioningStyle = Automatic;
					};
				};
			};
			buildConfigurationList = D0CCB5D420221FE000F98146 /* Build configuration list for PBXProject "HTMLPDFExample" */;
			compatibilityVersion = "Xcode 8.0";
			developmentRegion = en;
			hasScannedForEncodings = 0;
			knownRegions = (
				en,
				Base,
			);
			mainGroup = D0CCB5D020221FE000F98146;
			productRefGroup = D0CCB5DA20221FE000F98146 /* Products */;
			projectDirPath = "";
			projectRoot = "";
			targets = (
				D0CCB5D820221FE000F98146 /* HTMLPDFExample */,
			);
		};
/* End PBXProject section */

/* Begin PBXResourcesBuildPhase section */
		D0CCB5D720221FE000F98146 /* Resources */ = {
			isa = PBXResourcesBuildPhase;
			buildActionMask = 2147483647;
			files = (
				D0CCB5E920221FE000F98146 /* LaunchScreen.storyboard in Resources */,
				D04CCAD520349B9E0031FFB1 /* html in Resources */,
				D0CCB5E620221FE000F98146 /* Assets.xcassets in Resources */,
				D0CCB5E420221FE000F98146 /* Main.storyboard in Resources */,
			);
			runOnlyForDeploymentPostprocessing = 0;
		};
/* End PBXResourcesBuildPhase section */

/* Begin PBXSourcesBuildPhase section */
		D0CCB5D520221FE000F98146 /* Sources */ = {
			isa = PBXSourcesBuildPhase;
			buildActionMask = 2147483647;
			files = (
				D04CCAE92034A7940031FFB1 /* PDFPaperSize.swift in Sources */,
				D04CCAD720349C8D0031FFB1 /* WebController.swift in Sources */,
				D04CCADA20349D8F0031FFB1 /* ActionClosurable.swift in Sources */,
				D04CCAE42034A7940031FFB1 /* Log.swift in Sources */,
				D04CCAE62034A7940031FFB1 /* HTMLPDFRenderer.swift in Sources */,
				D04CCAE52034A7940031FFB1 /* SwiftyTimer.swift in Sources */,
				D04CCAE82034A7940031FFB1 /* UIPrintPageRenderer-Extensions.swift in Sources */,
				D0CCB5DD20221FE000F98146 /* AppDelegate.swift in Sources */,
				D04CCAE72034A7940031FFB1 /* FileManager-Extensions.swift in Sources */,
			);
			runOnlyForDeploymentPostprocessing = 0;
		};
/* End PBXSourcesBuildPhase section */

/* Begin PBXVariantGroup section */
		D0CCB5E220221FE000F98146 /* Main.storyboard */ = {
			isa = PBXVariantGroup;
			children = (
				D0CCB5E320221FE000F98146 /* Base */,
			);
			name = Main.storyboard;
			sourceTree = "<group>";
		};
		D0CCB5E720221FE000F98146 /* LaunchScreen.storyboard */ = {
			isa = PBXVariantGroup;
			children = (
				D0CCB5E820221FE000F98146 /* Base */,
			);
			name = LaunchScreen.storyboard;
			sourceTree = "<group>";
		};
/* End PBXVariantGroup section */

/* Begin XCBuildConfiguration section */
		D0CCB5EB20221FE000F98146 /* Debug */ = {
			isa = XCBuildConfiguration;
			buildSettings = {
				ALWAYS_SEARCH_USER_PATHS = NO;
				CLANG_ANALYZER_NONNULL = YES;
				CLANG_ANALYZER_NUMBER_OBJECT_CONVERSION = YES_AGGRESSIVE;
				CLANG_CXX_LANGUAGE_STANDARD = "gnu++14";
				CLANG_CXX_LIBRARY = "libc++";
				CLANG_ENABLE_MODULES = YES;
				CLANG_ENABLE_OBJC_ARC = YES;
				CLANG_WARN_BLOCK_CAPTURE_AUTORELEASING = YES;
				CLANG_WARN_BOOL_CONVERSION = YES;
				CLANG_WARN_COMMA = YES;
				CLANG_WARN_CONSTANT_CONVERSION = YES;
				CLANG_WARN_DEPRECATED_OBJC_IMPLEMENTATIONS = YES;
				CLANG_WARN_DIRECT_OBJC_ISA_USAGE = YES_ERROR;
				CLANG_WARN_DOCUMENTATION_COMMENTS = YES;
				CLANG_WARN_EMPTY_BODY = YES;
				CLANG_WARN_ENUM_CONVERSION = YES;
				CLANG_WARN_INFINITE_RECURSION = YES;
				CLANG_WARN_INT_CONVERSION = YES;
				CLANG_WARN_NON_LITERAL_NULL_CONVERSION = YES;
				CLANG_WARN_OBJC_IMPLICIT_RETAIN_SELF = YES;
				CLANG_WARN_OBJC_LITERAL_CONVERSION = YES;
				CLANG_WARN_OBJC_ROOT_CLASS = YES_ERROR;
				CLANG_WARN_RANGE_LOOP_ANALYSIS = YES;
				CLANG_WARN_STRICT_PROTOTYPES = YES;
				CLANG_WARN_SUSPICIOUS_MOVE = YES;
				CLANG_WARN_UNGUARDED_AVAILABILITY = YES_AGGRESSIVE;
				CLANG_WARN_UNREACHABLE_CODE = YES;
				CLANG_WARN__DUPLICATE_METHOD_MATCH = YES;
				CODE_SIGN_IDENTITY = "iPhone Developer";
				COPY_PHASE_STRIP = NO;
				DEBUG_INFORMATION_FORMAT = dwarf;
				ENABLE_STRICT_OBJC_MSGSEND = YES;
				ENABLE_TESTABILITY = YES;
				GCC_C_LANGUAGE_STANDARD = gnu11;
				GCC_DYNAMIC_NO_PIC = NO;
				GCC_NO_COMMON_BLOCKS = YES;
				GCC_OPTIMIZATION_LEVEL = 0;
				GCC_PREPROCESSOR_DEFINITIONS = (
					"DEBUG=1",
					"$(inherited)",
				);
				GCC_WARN_64_TO_32_BIT_CONVERSION = YES;
				GCC_WARN_ABOUT_RETURN_TYPE = YES_ERROR;
				GCC_WARN_UNDECLARED_SELECTOR = YES;
				GCC_WARN_UNINITIALIZED_AUTOS = YES_AGGRESSIVE;
				GCC_WARN_UNUSED_FUNCTION = YES;
				GCC_WARN_UNUSED_VARIABLE = YES;
				IPHONEOS_DEPLOYMENT_TARGET = 11.2;
				MTL_ENABLE_DEBUG_INFO = YES;
				ONLY_ACTIVE_ARCH = YES;
				SDKROOT = iphoneos;
				SWIFT_ACTIVE_COMPILATION_CONDITIONS = DEBUG;
				SWIFT_OPTIMIZATION_LEVEL = "-Onone";
				SWIFT_VERSION = 4.2;
			};
			name = Debug;
		};
		D0CCB5EC20221FE000F98146 /* Release */ = {
			isa = XCBuildConfiguration;
			buildSettings = {
				ALWAYS_SEARCH_USER_PATHS = NO;
				CLANG_ANALYZER_NONNULL = YES;
				CLANG_ANALYZER_NUMBER_OBJECT_CONVERSION = YES_AGGRESSIVE;
				CLANG_CXX_LANGUAGE_STANDARD = "gnu++14";
				CLANG_CXX_LIBRARY = "libc++";
				CLANG_ENABLE_MODULES = YES;
				CLANG_ENABLE_OBJC_ARC = YES;
				CLANG_WARN_BLOCK_CAPTURE_AUTORELEASING = YES;
				CLANG_WARN_BOOL_CONVERSION = YES;
				CLANG_WARN_COMMA = YES;
				CLANG_WARN_CONSTANT_CONVERSION = YES;
				CLANG_WARN_DEPRECATED_OBJC_IMPLEMENTATIONS = YES;
				CLANG_WARN_DIRECT_OBJC_ISA_USAGE = YES_ERROR;
				CLANG_WARN_DOCUMENTATION_COMMENTS = YES;
				CLANG_WARN_EMPTY_BODY = YES;
				CLANG_WARN_ENUM_CONVERSION = YES;
				CLANG_WARN_INFINITE_RECURSION = YES;
				CLANG_WARN_INT_CONVERSION = YES;
				CLANG_WARN_NON_LITERAL_NULL_CONVERSION = YES;
				CLANG_WARN_OBJC_IMPLICIT_RETAIN_SELF = YES;
				CLANG_WARN_OBJC_LITERAL_CONVERSION = YES;
				CLANG_WARN_OBJC_ROOT_CLASS = YES_ERROR;
				CLANG_WARN_RANGE_LOOP_ANALYSIS = YES;
				CLANG_WARN_STRICT_PROTOTYPES = YES;
				CLANG_WARN_SUSPICIOUS_MOVE = YES;
				CLANG_WARN_UNGUARDED_AVAILABILITY = YES_AGGRESSIVE;
				CLANG_WARN_UNREACHABLE_CODE = YES;
				CLANG_WARN__DUPLICATE_METHOD_MATCH = YES;
				CODE_SIGN_IDENTITY = "iPhone Developer";
				COPY_PHASE_STRIP = NO;
				DEBUG_INFORMATION_FORMAT = "dwarf-with-dsym";
				ENABLE_NS_ASSERTIONS = NO;
				ENABLE_STRICT_OBJC_MSGSEND = YES;
				GCC_C_LANGUAGE_STANDARD = gnu11;
				GCC_NO_COMMON_BLOCKS = YES;
				GCC_WARN_64_TO_32_BIT_CONVERSION = YES;
				GCC_WARN_ABOUT_RETURN_TYPE = YES_ERROR;
				GCC_WARN_UNDECLARED_SELECTOR = YES;
				GCC_WARN_UNINITIALIZED_AUTOS = YES_AGGRESSIVE;
				GCC_WARN_UNUSED_FUNCTION = YES;
				GCC_WARN_UNUSED_VARIABLE = YES;
				IPHONEOS_DEPLOYMENT_TARGET = 11.2;
				MTL_ENABLE_DEBUG_INFO = NO;
				SDKROOT = iphoneos;
				SWIFT_OPTIMIZATION_LEVEL = "-Owholemodule";
				SWIFT_VERSION = 4.2;
				VALIDATE_PRODUCT = YES;
			};
			name = Release;
		};
		D0CCB5EE20221FE000F98146 /* Debug */ = {
			isa = XCBuildConfiguration;
			buildSettings = {
				ASSETCATALOG_COMPILER_APPICON_NAME = AppIcon;
				CODE_SIGN_STYLE = Automatic;
				INFOPLIST_FILE = "$(SRCROOT)/Example/Info.plist";
				LD_RUNPATH_SEARCH_PATHS = "$(inherited) @executable_path/Frameworks";
				PRODUCT_BUNDLE_IDENTIFIER = com.radianttap.HTMLPDFExample;
				PRODUCT_NAME = "$(TARGET_NAME)";
				TARGETED_DEVICE_FAMILY = "1,2";
			};
			name = Debug;
		};
		D0CCB5EF20221FE000F98146 /* Release */ = {
			isa = XCBuildConfiguration;
			buildSettings = {
				ASSETCATALOG_COMPILER_APPICON_NAME = AppIcon;
				CODE_SIGN_STYLE = Automatic;
				INFOPLIST_FILE = "$(SRCROOT)/Example/Info.plist";
				LD_RUNPATH_SEARCH_PATHS = "$(inherited) @executable_path/Frameworks";
				PRODUCT_BUNDLE_IDENTIFIER = com.radianttap.HTMLPDFExample;
				PRODUCT_NAME = "$(TARGET_NAME)";
				TARGETED_DEVICE_FAMILY = "1,2";
			};
			name = Release;
		};
/* End XCBuildConfiguration section */

/* Begin XCConfigurationList section */
		D0CCB5D420221FE000F98146 /* Build configuration list for PBXProject "HTMLPDFExample" */ = {
			isa = XCConfigurationList;
			buildConfigurations = (
				D0CCB5EB20221FE000F98146 /* Debug */,
				D0CCB5EC20221FE000F98146 /* Release */,
			);
			defaultConfigurationIsVisible = 0;
			defaultConfigurationName = Release;
		};
		D0CCB5ED20221FE000F98146 /* Build configuration list for PBXNativeTarget "HTMLPDFExample" */ = {
			isa = XCConfigurationList;
			buildConfigurations = (
				D0CCB5EE20221FE000F98146 /* Debug */,
				D0CCB5EF20221FE000F98146 /* Release */,
			);
			defaultConfigurationIsVisible = 0;
			defaultConfigurationName = Release;
		};
/* End XCConfigurationList section */
	};
	rootObject = D0CCB5D120221FE000F98146 /* Project object */;
}
